
Microsoft Visual Studio Solution File, Format Version 12.00
# Visual Studio Version 17
VisualStudioVersion = 17.4.33213.308
MinimumVisualStudioVersion = 10.0.40219.1
Project("{FAE04EC0-301F-11D3-BF4B-00C04F79EFBC}") = "AspNetCoreIdentity.Web", "AspNetCoreIdentity.Web\AspNetCoreIdentity.Web.csproj", "{0F6ADB33-9EEC-4B31-A828-AA67C5872119}"
EndProject
Global
	GlobalSection(SolutionConfigurationPlatforms) = preSolution
		Debug|Any CPU = Debug|Any CPU
		Release|Any CPU = Release|Any CPU
	EndGlobalSection
	GlobalSection(ProjectConfigurationPlatforms) = postSolution
		{0F6ADB33-9EEC-4B31-A828-AA67C5872119}.Debug|Any CPU.ActiveCfg = Debug|Any CPU
		{0F6ADB33-9EEC-4B31-A828-AA67C5872119}.Debug|Any CPU.Build.0 = Debug|Any CPU
		{0F6ADB33-9EEC-4B31-A828-AA67C5872119}.Release|Any CPU.ActiveCfg = Release|Any CPU
		{0F6ADB33-9EEC-4B31-A828-AA67C5872119}.Release|Any CPU.Build.0 = Release|Any CPU
	EndGlobalSection
	GlobalSection(SolutionProperties) = preSolution
		HideSolutionNode = FALSE
	EndGlobalSection
	GlobalSection(ExtensibilityGlobals) = postSolution
		SolutionGuid = {08276702-6418-4E69-8002-4D50860FF9D6}
	EndGlobalSection
EndGlobal
